
Microsoft Visual Studio Solution File, Format Version 12.00
# Visual Studio Version 16
VisualStudioVersion = 16.0.30503.244
MinimumVisualStudioVersion = 10.0.40219.1
Project("{FAE04EC0-301F-11D3-BF4B-00C04F79EFBC}") = "WebApi", "src\WebApi\WebApi.csproj", "{5C77999B-1449-4A88-AA93-D4C693669008}"
EndProject
Global
	GlobalSection(SolutionConfigurationPlatforms) = preSolution
		Debug|Any CPU = Debug|Any CPU
		Release|Any CPU = Release|Any CPU
	EndGlobalSection
	GlobalSection(ProjectConfigurationPlatforms) = postSolution
		{5C77999B-1449-4A88-AA93-D4C693669008}.Debug|Any CPU.ActiveCfg = Debug|Any CPU
		{5C77999B-1449-4A88-AA93-D4C693669008}.Debug|Any CPU.Build.0 = Debug|Any CPU
		{5C77999B-1449-4A88-AA93-D4C693669008}.Release|Any CPU.ActiveCfg = Release|Any CPU
		{5C77999B-1449-4A88-AA93-D4C693669008}.Release|Any CPU.Build.0 = Release|Any CPU
	EndGlobalSection
	GlobalSection(SolutionProperties) = preSolution
		HideSolutionNode = FALSE
	EndGlobalSection
	GlobalSection(ExtensibilityGlobals) = postSolution
		SolutionGuid = {855110D1-0C7F-4C03-AA9D-8A0A04072F7F}
	EndGlobalSection
EndGlobal
